
Microsoft Visual Studio Solution File, Format Version 12.00
# Visual Studio Version 17
VisualStudioVersion = 17.7.34031.279
MinimumVisualStudioVersion = 10.0.40219.1
Project("{FAE04EC0-301F-11D3-BF4B-00C04F79EFBC}") = "checking whether given intergers are within a specified range", "checking whether given intergers are within a specified range.csproj", "{8BAB2268-0558-4431-8F41-C29CE099274C}"
EndProject
Global
	GlobalSection(SolutionConfigurationPlatforms) = preSolution
		Debug|Any CPU = Debug|Any CPU
		Release|Any CPU = Release|Any CPU
	EndGlobalSection
	GlobalSection(ProjectConfigurationPlatforms) = postSolution
		{8BAB2268-0558-4431-8F41-C29CE099274C}.Debug|Any CPU.ActiveCfg = Debug|Any CPU
		{8BAB2268-0558-4431-8F41-C29CE099274C}.Debug|Any CPU.Build.0 = Debug|Any CPU
		{8BAB2268-0558-4431-8F41-C29CE099274C}.Release|Any CPU.ActiveCfg = Release|Any CPU
		{8BAB2268-0558-4431-8F41-C29CE099274C}.Release|Any CPU.Build.0 = Release|Any CPU
	EndGlobalSection
	GlobalSection(SolutionProperties) = preSolution
		HideSolutionNode = FALSE
	EndGlobalSection
	GlobalSection(ExtensibilityGlobals) = postSolution
		SolutionGuid = {1EC19B50-927B-483E-A7E8-11D8C18E7B19}
	EndGlobalSection
EndGlobal
